
Microsoft Visual Studio Solution File, Format Version 12.00
# Visual Studio 15
VisualStudioVersion = 15.0.28010.2048
MinimumVisualStudioVersion = 10.0.40219.1
Project("{FAE04EC0-301F-11D3-BF4B-00C04F79EFBC}") = "ModuloPiscina.Android", "ModuloPiscina\ModuloPiscina.Android\ModuloPiscina.Android.csproj", "{5DFF23E1-3D69-4EBA-B65A-3F90446E13D1}"
EndProject
Project("{FAE04EC0-301F-11D3-BF4B-00C04F79EFBC}") = "ModuloPiscina.iOS", "ModuloPiscina\ModuloPiscina.iOS\ModuloPiscina.iOS.csproj", "{25EEE6F9-6605-4C3A-8610-74DBA96AD02B}"
EndProject
Project("{FAE04EC0-301F-11D3-BF4B-00C04F79EFBC}") = "ModuloPiscina.UWP", "ModuloPiscina\ModuloPiscina.UWP\ModuloPiscina.UWP.csproj", "{23C085DB-5288-4F52-B899-A2FDF9C324D8}"
EndProject
Project("{FAE04EC0-301F-11D3-BF4B-00C04F79EFBC}") = "ModuloPiscina", "ModuloPiscina\ModuloPiscina\ModuloPiscina.csproj", "{49DD5D9E-0F70-4B21-934D-924E8C2863D3}"
EndProject
Global
	GlobalSection(SolutionConfigurationPlatforms) = preSolution
		Ad-Hoc|Any CPU = Ad-Hoc|Any CPU
		Ad-Hoc|ARM = Ad-Hoc|ARM
		Ad-Hoc|iPhone = Ad-Hoc|iPhone
		Ad-Hoc|iPhoneSimulator = Ad-Hoc|iPhoneSimulator
		Ad-Hoc|x64 = Ad-Hoc|x64
		Ad-Hoc|x86 = Ad-Hoc|x86
		AppStore|Any CPU = AppStore|Any CPU
		AppStore|ARM = AppStore|ARM
		AppStore|iPhone = AppStore|iPhone
		AppStore|iPhoneSimulator = AppStore|iPhoneSimulator
		AppStore|x64 = AppStore|x64
		AppStore|x86 = AppStore|x86
		Debug|Any CPU = Debug|Any CPU
		Debug|ARM = Debug|ARM
		Debug|iPhone = Debug|iPhone
		Debug|iPhoneSimulator = Debug|iPhoneSimulator
		Debug|x64 = Debug|x64
		Debug|x86 = Debug|x86
		Release|Any CPU = Release|Any CPU
		Release|ARM = Release|ARM
		Release|iPhone = Release|iPhone
		Release|iPhoneSimulator = Release|iPhoneSimulator
		Release|x64 = Release|x64
		Release|x86 = Release|x86
	EndGlobalSection
	GlobalSection(ProjectConfigurationPlatforms) = postSolution
		{5DFF23E1-3D69-4EBA-B65A-3F90446E13D1}.Ad-Hoc|Any CPU.ActiveCfg = Release|Any CPU
		{5DFF23E1-3D69-4EBA-B65A-3F90446E13D1}.Ad-Hoc|Any CPU.Build.0 = Release|Any CPU
		{5DFF23E1-3D69-4EBA-B65A-3F90446E13D1}.Ad-Hoc|Any CPU.Deploy.0 = Release|Any CPU
		{5DFF23E1-3D69-4EBA-B65A-3F90446E13D1}.Ad-Hoc|ARM.ActiveCfg = Release|Any CPU
		{5DFF23E1-3D69-4EBA-B65A-3F90446E13D1}.Ad-Hoc|ARM.Build.0 = Release|Any CPU
		{5DFF23E1-3D69-4EBA-B65A-3F90446E13D1}.Ad-Hoc|ARM.Deploy.0 = Release|Any CPU
		{5DFF23E1-3D69-4EBA-B65A-3F90446E13D1}.Ad-Hoc|iPhone.ActiveCfg = Release|Any CPU
		{5DFF23E1-3D69-4EBA-B65A-3F90446E13D1}.Ad-Hoc|iPhone.Build.0 = Release|Any CPU
		{5DFF23E1-3D69-4EBA-B65A-3F90446E13D1}.Ad-Hoc|iPhone.Deploy.0 = Release|Any CPU
		{5DFF23E1-3D69-4EBA-B65A-3F90446E13D1}.Ad-Hoc|iPhoneSimulator.ActiveCfg = Release|Any CPU
		{5DFF23E1-3D69-4EBA-B65A-3F90446E13D1}.Ad-Hoc|iPhoneSimulator.Build.0 = Release|Any CPU
		{5DFF23E1-3D69-4EBA-B65A-3F90446E13D1}.Ad-Hoc|iPhoneSimulator.Deploy.0 = Release|Any CPU
		{5DFF23E1-3D69-4EBA-B65A-3F90446E13D1}.Ad-Hoc|x64.ActiveCfg = Release|Any CPU
		{5DFF23E1-3D69-4EBA-B65A-3F90446E13D1}.Ad-Hoc|x64.Build.0 = Release|Any CPU
		{5DFF23E1-3D69-4EBA-B65A-3F90446E13D1}.Ad-Hoc|x64.Deploy.0 = Release|Any CPU
		{5DFF23E1-3D69-4EBA-B65A-3F90446E13D1}.Ad-Hoc|x86.ActiveCfg = Release|Any CPU
		{5DFF23E1-3D69-4EBA-B65A-3F90446E13D1}.Ad-Hoc|x86.Build.0 = Release|Any CPU
		{5DFF23E1-3D69-4EBA-B65A-3F90446E13D1}.Ad-Hoc|x86.Deploy.0 = Release|Any CPU
		{5DFF23E1-3D69-4EBA-B65A-3F90446E13D1}.AppStore|Any CPU.ActiveCfg = Release|Any CPU
		{5DFF23E1-3D69-4EBA-B65A-3F90446E13D1}.AppStore|Any CPU.Build.0 = Release|Any CPU
		{5DFF23E1-3D69-4EBA-B65A-3F90446E13D1}.AppStore|Any CPU.Deploy.0 = Release|Any CPU
		{5DFF23E1-3D69-4EBA-B65A-3F90446E13D1}.AppStore|ARM.ActiveCfg = Release|Any CPU
		{5DFF23E1-3D69-4EBA-B65A-3F90446E13D1}.AppStore|ARM.Build.0 = Release|Any CPU
		{5DFF23E1-3D69-4EBA-B65A-3F90446E13D1}.AppStore|ARM.Deploy.0 = Release|Any CPU
		{5DFF23E1-3D69-4EBA-B65A-3F90446E13D1}.AppStore|iPhone.ActiveCfg = Release|Any CPU
		{5DFF23E1-3D69-4EBA-B65A-3F90446E13D1}.AppStore|iPhone.Build.0 = Release|Any CPU
		{5DFF23E1-3D69-4EBA-B65A-3F90446E13D1}.AppStore|iPhone.Deploy.0 = Release|Any CPU
		{5DFF23E1-3D69-4EBA-B65A-3F90446E13D1}.AppStore|iPhoneSimulator.ActiveCfg = Release|Any CPU
		{5DFF23E1-3D69-4EBA-B65A-3F90446E13D1}.AppStore|iPhoneSimulator.Build.0 = Release|Any CPU
		{5DFF23E1-3D69-4EBA-B65A-3F90446E13D1}.AppStore|iPhoneSimulator.Deploy.0 = Release|Any CPU
		{5DFF23E1-3D69-4EBA-B65A-3F90446E13D1}.AppStore|x64.ActiveCfg = Release|Any CPU
		{5DFF23E1-3D69-4EBA-B65A-3F90446E13D1}.AppStore|x64.Build.0 = Release|Any CPU
		{5DFF23E1-3D69-4EBA-B65A-3F90446E13D1}.AppStore|x64.Deploy.0 = Release|Any CPU
		{5DFF23E1-3D69-4EBA-B65A-3F90446E13D1}.AppStore|x86.ActiveCfg = Release|Any CPU
		{5DFF23E1-3D69-4EBA-B65A-3F90446E13D1}.AppStore|x86.Build.0 = Release|Any CPU
		{5DFF23E1-3D69-4EBA-B65A-3F90446E13D1}.AppStore|x86.Deploy.0 = Release|Any CPU
		{5DFF23E1-3D69-4EBA-B65A-3F90446E13D1}.Debug|Any CPU.ActiveCfg = Debug|Any CPU
		{5DFF23E1-3D69-4EBA-B65A-3F90446E13D1}.Debug|Any CPU.Build.0 = Debug|Any CPU
		{5DFF23E1-3D69-4EBA-B65A-3F90446E13D1}.Debug|Any CPU.Deploy.0 = Debug|Any CPU
		{5DFF23E1-3D69-4EBA-B65A-3F90446E13D1}.Debug|ARM.ActiveCfg = Debug|Any CPU
		{5DFF23E1-3D69-4EBA-B65A-3F90446E13D1}.Debug|ARM.Build.0 = Debug|Any CPU
		{5DFF23E1-3D69-4EBA-B65A-3F90446E13D1}.Debug|ARM.Deploy.0 = Debug|Any CPU
		{5DFF23E1-3D69-4EBA-B65A-3F90446E13D1}.Debug|iPhone.ActiveCfg = Debug|Any CPU
		{5DFF23E1-3D69-4EBA-B65A-3F90446E13D1}.Debug|iPhone.Build.0 = Debug|Any CPU
		{5DFF23E1-3D69-4EBA-B65A-3F90446E13D1}.Debug|iPhone.Deploy.0 = Debug|Any CPU
		{5DFF23E1-3D69-4EBA-B65A-3F90446E13D1}.Debug|iPhoneSimulator.ActiveCfg = Debug|Any CPU
		{5DFF23E1-3D69-4EBA-B65A-3F90446E13D1}.Debug|iPhoneSimulator.Build.0 = Debug|Any CPU
		{5DFF23E1-3D69-4EBA-B65A-3F90446E13D1}.Debug|iPhoneSimulator.Deploy.0 = Debug|Any CPU
		{5DFF23E1-3D69-4EBA-B65A-3F90446E13D1}.Debug|x64.ActiveCfg = Debug|Any CPU
		{5DFF23E1-3D69-4EBA-B65A-3F90446E13D1}.Debug|x64.Build.0 = Debug|Any CPU
		{5DFF23E1-3D69-4EBA-B65A-3F90446E13D1}.Debug|x64.Deploy.0 = Debug|Any CPU
		{5DFF23E1-3D69-4EBA-B65A-3F90446E13D1}.Debug|x86.ActiveCfg = Debug|Any CPU
		{5DFF23E1-3D69-4EBA-B65A-3F90446E13D1}.Debug|x86.Build.0 = Debug|Any CPU
		{5DFF23E1-3D69-4EBA-B65A-3F90446E13D1}.Debug|x86.Deploy.0 = Debug|Any CPU
		{5DFF23E1-3D69-4EBA-B65A-3F90446E13D1}.Release|Any CPU.ActiveCfg = Release|Any CPU
		{5DFF23E1-3D69-4EBA-B65A-3F90446E13D1}.Release|Any CPU.Build.0 = Release|Any CPU
		{5DFF23E1-3D69-4EBA-B65A-3F90446E13D1}.Release|Any CPU.Deploy.0 = Release|Any CPU
		{5DFF23E1-3D69-4EBA-B65A-3F90446E13D1}.Release|ARM.ActiveCfg = Release|Any CPU
		{5DFF23E1-3D69-4EBA-B65A-3F90446E13D1}.Release|ARM.Build.0 = Release|Any CPU
		{5DFF23E1-3D69-4EBA-B65A-3F90446E13D1}.Release|ARM.Deploy.0 = Release|Any CPU
		{5DFF23E1-3D69-4EBA-B65A-3F90446E13D1}.Release|iPhone.ActiveCfg = Release|Any CPU
		{5DFF23E1-3D69-4EBA-B65A-3F90446E13D1}.Release|iPhone.Build.0 = Release|Any CPU
		{5DFF23E1-3D69-4EBA-B65A-3F90446E13D1}.Release|iPhone.Deploy.0 = Release|Any CPU
		{5DFF23E1-3D69-4EBA-B65A-3F90446E13D1}.Release|iPhoneSimulator.ActiveCfg = Release|Any CPU
		{5DFF23E1-3D69-4EBA-B65A-3F90446E13D1}.Release|iPhoneSimulator.Build.0 = Release|Any CPU
		{5DFF23E1-3D69-4EBA-B65A-3F90446E13D1}.Release|iPhoneSimulator.Deploy.0 = Release|Any CPU
		{5DFF23E1-3D69-4EBA-B65A-3F90446E13D1}.Release|x64.ActiveCfg = Release|Any CPU
		{5DFF23E1-3D69-4EBA-B65A-3F90446E13D1}.Release|x64.Build.0 = Release|Any CPU
		{5DFF23E1-3D69-4EBA-B65A-3F90446E13D1}.Release|x64.Deploy.0 = Release|Any CPU
		{5DFF23E1-3D69-4EBA-B65A-3F90446E13D1}.Release|x86.ActiveCfg = Release|Any CPU
		{5DFF23E1-3D69-4EBA-B65A-3F90446E13D1}.Release|x86.Build.0 = Release|Any CPU
		{5DFF23E1-3D69-4EBA-B65A-3F90446E13D1}.Release|x86.Deploy.0 = Release|Any CPU
		{25EEE6F9-6605-4C3A-8610-74DBA96AD02B}.Ad-Hoc|Any CPU.ActiveCfg = Ad-Hoc|iPhone
		{25EEE6F9-6605-4C3A-8610-74DBA96AD02B}.Ad-Hoc|Any CPU.Build.0 = Ad-Hoc|iPhone
		{25EEE6F9-6605-4C3A-8610-74DBA96AD02B}.Ad-Hoc|Any CPU.Deploy.0 = Ad-Hoc|iPhone
		{25EEE6F9-6605-4C3A-8610-74DBA96AD02B}.Ad-Hoc|ARM.ActiveCfg = Ad-Hoc|iPhone
		{25EEE6F9-6605-4C3A-8610-74DBA96AD02B}.Ad-Hoc|ARM.Build.0 = Ad-Hoc|iPhone
		{25EEE6F9-6605-4C3A-8610-74DBA96AD02B}.Ad-Hoc|ARM.Deploy.0 = Ad-Hoc|iPhone
		{25EEE6F9-6605-4C3A-8610-74DBA96AD02B}.Ad-Hoc|iPhone.ActiveCfg = Ad-Hoc|iPhone
		{25EEE6F9-6605-4C3A-8610-74DBA96AD02B}.Ad-Hoc|iPhone.Build.0 = Ad-Hoc|iPhone
		{25EEE6F9-6605-4C3A-8610-74DBA96AD02B}.Ad-Hoc|iPhone.Deploy.0 = Ad-Hoc|iPhone
		{25EEE6F9-6605-4C3A-8610-74DBA96AD02B}.Ad-Hoc|iPhoneSimulator.ActiveCfg = Ad-Hoc|iPhoneSimulator
		{25EEE6F9-6605-4C3A-8610-74DBA96AD02B}.Ad-Hoc|iPhoneSimulator.Build.0 = Ad-Hoc|iPhoneSimulator
		{25EEE6F9-6605-4C3A-8610-74DBA96AD02B}.Ad-Hoc|iPhoneSimulator.Deploy.0 = Ad-Hoc|iPhoneSimulator
		{25EEE6F9-6605-4C3A-8610-74DBA96AD02B}.Ad-Hoc|x64.ActiveCfg = Ad-Hoc|iPhone
		{25EEE6F9-6605-4C3A-8610-74DBA96AD02B}.Ad-Hoc|x64.Build.0 = Ad-Hoc|iPhone
		{25EEE6F9-6605-4C3A-8610-74DBA96AD02B}.Ad-Hoc|x64.Deploy.0 = Ad-Hoc|iPhone
		{25EEE6F9-6605-4C3A-8610-74DBA96AD02B}.Ad-Hoc|x86.ActiveCfg = Ad-Hoc|iPhone
		{25EEE6F9-6605-4C3A-8610-74DBA96AD02B}.Ad-Hoc|x86.Build.0 = Ad-Hoc|iPhone
		{25EEE6F9-6605-4C3A-8610-74DBA96AD02B}.Ad-Hoc|x86.Deploy.0 = Ad-Hoc|iPhone
		{25EEE6F9-6605-4C3A-8610-74DBA96AD02B}.AppStore|Any CPU.ActiveCfg = AppStore|iPhone
		{25EEE6F9-6605-4C3A-8610-74DBA96AD02B}.AppStore|Any CPU.Build.0 = AppStore|iPhone
		{25EEE6F9-6605-4C3A-8610-74DBA96AD02B}.AppStore|Any CPU.Deploy.0 = AppStore|iPhone
		{25EEE6F9-6605-4C3A-8610-74DBA96AD02B}.AppStore|ARM.ActiveCfg = AppStore|iPhone
		{25EEE6F9-6605-4C3A-8610-74DBA96AD02B}.AppStore|ARM.Build.0 = AppStore|iPhone
		{25EEE6F9-6605-4C3A-8610-74DBA96AD02B}.AppStore|ARM.Deploy.0 = AppStore|iPhone
		{25EEE6F9-6605-4C3A-8610-74DBA96AD02B}.AppStore|iPhone.ActiveCfg = AppStore|iPhone
		{25EEE6F9-6605-4C3A-8610-74DBA96AD02B}.AppStore|iPhone.Build.0 = AppStore|iPhone
		{25EEE6F9-6605-4C3A-8610-74DBA96AD02B}.AppStore|iPhone.Deploy.0 = AppStore|iPhone
		{25EEE6F9-6605-4C3A-8610-74DBA96AD02B}.AppStore|iPhoneSimulator.ActiveCfg = AppStore|iPhoneSimulator
		{25EEE6F9-6605-4C3A-8610-74DBA96AD02B}.AppStore|iPhoneSimulator.Build.0 = AppStore|iPhoneSimulator
		{25EEE6F9-6605-4C3A-8610-74DBA96AD02B}.AppStore|iPhoneSimulator.Deploy.0 = AppStore|iPhoneSimulator
		{25EEE6F9-6605-4C3A-8610-74DBA96AD02B}.AppStore|x64.ActiveCfg = AppStore|iPhone
		{25EEE6F9-6605-4C3A-8610-74DBA96AD02B}.AppStore|x64.Build.0 = AppStore|iPhone
		{25EEE6F9-6605-4C3A-8610-74DBA96AD02B}.AppStore|x64.Deploy.0 = AppStore|iPhone
		{25EEE6F9-6605-4C3A-8610-74DBA96AD02B}.AppStore|x86.ActiveCfg = AppStore|iPhone
		{25EEE6F9-6605-4C3A-8610-74DBA96AD02B}.AppStore|x86.Build.0 = AppStore|iPhone
		{25EEE6F9-6605-4C3A-8610-74DBA96AD02B}.AppStore|x86.Deploy.0 = AppStore|iPhone
		{25EEE6F9-6605-4C3A-8610-74DBA96AD02B}.Debug|Any CPU.ActiveCfg = Debug|iPhoneSimulator
		{25EEE6F9-6605-4C3A-8610-74DBA96AD02B}.Debug|Any CPU.Build.0 = Debug|iPhoneSimulator
		{25EEE6F9-6605-4C3A-8610-74DBA96AD02B}.Debug|Any CPU.Deploy.0 = Debug|iPhoneSimulator
		{25EEE6F9-6605-4C3A-8610-74DBA96AD02B}.Debug|ARM.ActiveCfg = Debug|iPhone
		{25EEE6F9-6605-4C3A-8610-74DBA96AD02B}.Debug|ARM.Build.0 = Debug|iPhone
		{25EEE6F9-6605-4C3A-8610-74DBA96AD02B}.Debug|ARM.Deploy.0 = Debug|iPhone
		{25EEE6F9-6605-4C3A-8610-74DBA96AD02B}.Debug|iPhone.ActiveCfg = Debug|iPhone
		{25EEE6F9-6605-4C3A-8610-74DBA96AD02B}.Debug|iPhone.Build.0 = Debug|iPhone
		{25EEE6F9-6605-4C3A-8610-74DBA96AD02B}.Debug|iPhone.Deploy.0 = Debug|iPhone
		{25EEE6F9-6605-4C3A-8610-74DBA96AD02B}.Debug|iPhoneSimulator.ActiveCfg = Debug|iPhoneSimulator
		{25EEE6F9-6605-4C3A-8610-74DBA96AD02B}.Debug|iPhoneSimulator.Build.0 = Debug|iPhoneSimulator
		{25EEE6F9-6605-4C3A-8610-74DBA96AD02B}.Debug|iPhoneSimulator.Deploy.0 = Debug|iPhoneSimulator
		{25EEE6F9-6605-4C3A-8610-74DBA96AD02B}.Debug|x64.ActiveCfg = Debug|iPhone
		{25EEE6F9-6605-4C3A-8610-74DBA96AD02B}.Debug|x64.Build.0 = Debug|iPhone
		{25EEE6F9-6605-4C3A-8610-74DBA96AD02B}.Debug|x64.Deploy.0 = Debug|iPhone
		{25EEE6F9-6605-4C3A-8610-74DBA96AD02B}.Debug|x86.ActiveCfg = Debug|iPhone
		{25EEE6F9-6605-4C3A-8610-74DBA96AD02B}.Debug|x86.Build.0 = Debug|iPhone
		{25EEE6F9-6605-4C3A-8610-74DBA96AD02B}.Debug|x86.Deploy.0 = Debug|iPhone
		{25EEE6F9-6605-4C3A-8610-74DBA96AD02B}.Release|Any CPU.ActiveCfg = Release|iPhone
		{25EEE6F9-6605-4C3A-8610-74DBA96AD02B}.Release|Any CPU.Build.0 = Release|iPhone
		{25EEE6F9-6605-4C3A-8610-74DBA96AD02B}.Release|Any CPU.Deploy.0 = Release|iPhone
		{25EEE6F9-6605-4C3A-8610-74DBA96AD02B}.Release|ARM.ActiveCfg = Release|iPhone
		{25EEE6F9-6605-4C3A-8610-74DBA96AD02B}.Release|ARM.Build.0 = Release|iPhone
		{25EEE6F9-6605-4C3A-8610-74DBA96AD02B}.Release|ARM.Deploy.0 = Release|iPhone
		{25EEE6F9-6605-4C3A-8610-74DBA96AD02B}.Release|iPhone.ActiveCfg = Release|iPhone
		{25EEE6F9-6605-4C3A-8610-74DBA96AD02B}.Release|iPhone.Build.0 = Release|iPhone
		{25EEE6F9-6605-4C3A-8610-74DBA96AD02B}.Release|iPhone.Deploy.0 = Release|iPhone
		{25EEE6F9-6605-4C3A-8610-74DBA96AD02B}.Release|iPhoneSimulator.ActiveCfg = Release|iPhoneSimulator
		{25EEE6F9-6605-4C3A-8610-74DBA96AD02B}.Release|iPhoneSimulator.Build.0 = Release|iPhoneSimulator
		{25EEE6F9-6605-4C3A-8610-74DBA96AD02B}.Release|iPhoneSimulator.Deploy.0 = Release|iPhoneSimulator
		{25EEE6F9-6605-4C3A-8610-74DBA96AD02B}.Release|x64.ActiveCfg = Release|iPhone
		{25EEE6F9-6605-4C3A-8610-74DBA96AD02B}.Release|x64.Build.0 = Release|iPhone
		{25EEE6F9-6605-4C3A-8610-74DBA96AD02B}.Release|x64.Deploy.0 = Release|iPhone
		{25EEE6F9-6605-4C3A-8610-74DBA96AD02B}.Release|x86.ActiveCfg = Release|iPhone
		{25EEE6F9-6605-4C3A-8610-74DBA96AD02B}.Release|x86.Build.0 = Release|iPhone
		{25EEE6F9-6605-4C3A-8610-74DBA96AD02B}.Release|x86.Deploy.0 = Release|iPhone
		{23C085DB-5288-4F52-B899-A2FDF9C324D8}.Ad-Hoc|Any CPU.ActiveCfg = Release|x86
		{23C085DB-5288-4F52-B899-A2FDF9C324D8}.Ad-Hoc|Any CPU.Build.0 = Release|x86
		{23C085DB-5288-4F52-B899-A2FDF9C324D8}.Ad-Hoc|Any CPU.Deploy.0 = Release|x86
		{23C085DB-5288-4F52-B899-A2FDF9C324D8}.Ad-Hoc|ARM.ActiveCfg = Release|ARM
		{23C085DB-5288-4F52-B899-A2FDF9C324D8}.Ad-Hoc|ARM.Build.0 = Release|ARM
		{23C085DB-5288-4F52-B899-A2FDF9C324D8}.Ad-Hoc|ARM.Deploy.0 = Release|ARM
		{23C085DB-5288-4F52-B899-A2FDF9C324D8}.Ad-Hoc|iPhone.ActiveCfg = Release|x86
		{23C085DB-5288-4F52-B899-A2FDF9C324D8}.Ad-Hoc|iPhone.Build.0 = Release|x86
		{23C085DB-5288-4F52-B899-A2FDF9C324D8}.Ad-Hoc|iPhone.Deploy.0 = Release|x86
		{23C085DB-5288-4F52-B899-A2FDF9C324D8}.Ad-Hoc|iPhoneSimulator.ActiveCfg = Release|x86
		{23C085DB-5288-4F52-B899-A2FDF9C324D8}.Ad-Hoc|iPhoneSimulator.Build.0 = Release|x86
		{23C085DB-5288-4F52-B899-A2FDF9C324D8}.Ad-Hoc|iPhoneSimulator.Deploy.0 = Release|x86
		{23C085DB-5288-4F52-B899-A2FDF9C324D8}.Ad-Hoc|x64.ActiveCfg = Release|x64
		{23C085DB-5288-4F52-B899-A2FDF9C324D8}.Ad-Hoc|x64.Build.0 = Release|x64
		{23C085DB-5288-4F52-B899-A2FDF9C324D8}.Ad-Hoc|x64.Deploy.0 = Release|x64
		{23C085DB-5288-4F52-B899-A2FDF9C324D8}.Ad-Hoc|x86.ActiveCfg = Release|x86
		{23C085DB-5288-4F52-B899-A2FDF9C324D8}.Ad-Hoc|x86.Build.0 = Release|x86
		{23C085DB-5288-4F52-B899-A2FDF9C324D8}.Ad-Hoc|x86.Deploy.0 = Release|x86
		{23C085DB-5288-4F52-B899-A2FDF9C324D8}.AppStore|Any CPU.ActiveCfg = Release|x86
		{23C085DB-5288-4F52-B899-A2FDF9C324D8}.AppStore|Any CPU.Build.0 = Release|x86
		{23C085DB-5288-4F52-B899-A2FDF9C324D8}.AppStore|Any CPU.Deploy.0 = Release|x86
		{23C085DB-5288-4F52-B899-A2FDF9C324D8}.AppStore|ARM.ActiveCfg = Release|ARM
		{23C085DB-5288-4F52-B899-A2FDF9C324D8}.AppStore|ARM.Build.0 = Release|ARM
		{23C085DB-5288-4F52-B899-A2FDF9C324D8}.AppStore|ARM.Deploy.0 = Release|ARM
		{23C085DB-5288-4F52-B899-A2FDF9C324D8}.AppStore|iPhone.ActiveCfg = Release|x86
		{23C085DB-5288-4F52-B899-A2FDF9C324D8}.AppStore|iPhone.Build.0 = Release|x86
		{23C085DB-5288-4F52-B899-A2FDF9C324D8}.AppStore|iPhone.Deploy.0 = Release|x86
		{23C085DB-5288-4F52-B899-A2FDF9C324D8}.AppStore|iPhoneSimulator.ActiveCfg = Release|x86
		{23C085DB-5288-4F52-B899-A2FDF9C324D8}.AppStore|iPhoneSimulator.Build.0 = Release|x86
		{23C085DB-5288-4F52-B899-A2FDF9C324D8}.AppStore|iPhoneSimulator.Deploy.0 = Release|x86
		{23C085DB-5288-4F52-B899-A2FDF9C324D8}.AppStore|x64.ActiveCfg = Release|x64
		{23C085DB-5288-4F52-B899-A2FDF9C324D8}.AppStore|x64.Build.0 = Release|x64
		{23C085DB-5288-4F52-B899-A2FDF9C324D8}.AppStore|x64.Deploy.0 = Release|x64
		{23C085DB-5288-4F52-B899-A2FDF9C324D8}.AppStore|x86.ActiveCfg = Release|x86
		{23C085DB-5288-4F52-B899-A2FDF9C324D8}.AppStore|x86.Build.0 = Release|x86
		{23C085DB-5288-4F52-B899-A2FDF9C324D8}.AppStore|x86.Deploy.0 = Release|x86
		{23C085DB-5288-4F52-B899-A2FDF9C324D8}.Debug|Any CPU.ActiveCfg = Debug|x86
		{23C085DB-5288-4F52-B899-A2FDF9C324D8}.Debug|Any CPU.Build.0 = Debug|x86
		{23C085DB-5288-4F52-B899-A2FDF9C324D8}.Debug|Any CPU.Deploy.0 = Debug|x86
		{23C085DB-5288-4F52-B899-A2FDF9C324D8}.Debug|ARM.ActiveCfg = Debug|ARM
		{23C085DB-5288-4F52-B899-A2FDF9C324D8}.Debug|ARM.Build.0 = Debug|ARM
		{23C085DB-5288-4F52-B899-A2FDF9C324D8}.Debug|ARM.Deploy.0 = Debug|ARM
		{23C085DB-5288-4F52-B899-A2FDF9C324D8}.Debug|iPhone.ActiveCfg = Debug|x86
		{23C085DB-5288-4F52-B899-A2FDF9C324D8}.Debug|iPhone.Build.0 = Debug|x86
		{23C085DB-5288-4F52-B899-A2FDF9C324D8}.Debug|iPhone.Deploy.0 = Debug|x86
		{23C085DB-5288-4F52-B899-A2FDF9C324D8}.Debug|iPhoneSimulator.ActiveCfg = Debug|x86
		{23C085DB-5288-4F52-B899-A2FDF9C324D8}.Debug|iPhoneSimulator.Build.0 = Debug|x86
		{23C085DB-5288-4F52-B899-A2FDF9C324D8}.Debug|iPhoneSimulator.Deploy.0 = Debug|x86
		{23C085DB-5288-4F52-B899-A2FDF9C324D8}.Debug|x64.ActiveCfg = Debug|x64
		{23C085DB-5288-4F52-B899-A2FDF9C324D8}.Debug|x64.Build.0 = Debug|x64
		{23C085DB-5288-4F52-B899-A2FDF9C324D8}.Debug|x64.Deploy.0 = Debug|x64
		{23C085DB-5288-4F52-B899-A2FDF9C324D8}.Debug|x86.ActiveCfg = Debug|x86
		{23C085DB-5288-4F52-B899-A2FDF9C324D8}.Debug|x86.Build.0 = Debug|x86
		{23C085DB-5288-4F52-B899-A2FDF9C324D8}.Debug|x86.Deploy.0 = Debug|x86
		{23C085DB-5288-4F52-B899-A2FDF9C324D8}.Release|Any CPU.ActiveCfg = Release|x86
		{23C085DB-5288-4F52-B899-A2FDF9C324D8}.Release|Any CPU.Build.0 = Release|x86
		{23C085DB-5288-4F52-B899-A2FDF9C324D8}.Release|Any CPU.Deploy.0 = Release|x86
		{23C085DB-5288-4F52-B899-A2FDF9C324D8}.Release|ARM.ActiveCfg = Release|ARM
		{23C085DB-5288-4F52-B899-A2FDF9C324D8}.Release|ARM.Build.0 = Release|ARM
		{23C085DB-5288-4F52-B899-A2FDF9C324D8}.Release|ARM.Deploy.0 = Release|ARM
		{23C085DB-5288-4F52-B899-A2FDF9C324D8}.Release|iPhone.ActiveCfg = Release|x86
		{23C085DB-5288-4F52-B899-A2FDF9C324D8}.Release|iPhone.Build.0 = Release|x86
		{23C085DB-5288-4F52-B899-A2FDF9C324D8}.Release|iPhone.Deploy.0 = Release|x86
		{23C085DB-5288-4F52-B899-A2FDF9C324D8}.Release|iPhoneSimulator.ActiveCfg = Release|x86
		{23C085DB-5288-4F52-B899-A2FDF9C324D8}.Release|iPhoneSimulator.Build.0 = Release|x86
		{23C085DB-5288-4F52-B899-A2FDF9C324D8}.Release|iPhoneSimulator.Deploy.0 = Release|x86
		{23C085DB-5288-4F52-B899-A2FDF9C324D8}.Release|x64.ActiveCfg = Release|x64
		{23C085DB-5288-4F52-B899-A2FDF9C324D8}.Release|x64.Build.0 = Release|x64
		{23C085DB-5288-4F52-B899-A2FDF9C324D8}.Release|x64.Deploy.0 = Release|x64
		{23C085DB-5288-4F52-B899-A2FDF9C324D8}.Release|x86.ActiveCfg = Release|x86
		{23C085DB-5288-4F52-B899-A2FDF9C324D8}.Release|x86.Build.0 = Release|x86
		{23C085DB-5288-4F52-B899-A2FDF9C324D8}.Release|x86.Deploy.0 = Release|x86
		{49DD5D9E-0F70-4B21-934D-924E8C2863D3}.Ad-Hoc|Any CPU.ActiveCfg = Debug|Any CPU
		{49DD5D9E-0F70-4B21-934D-924E8C2863D3}.Ad-Hoc|Any CPU.Build.0 = Debug|Any CPU
		{49DD5D9E-0F70-4B21-934D-924E8C2863D3}.Ad-Hoc|Any CPU.Deploy.0 = Debug|Any CPU
		{49DD5D9E-0F70-4B21-934D-924E8C2863D3}.Ad-Hoc|ARM.ActiveCfg = Debug|Any CPU
		{49DD5D9E-0F70-4B21-934D-924E8C2863D3}.Ad-Hoc|ARM.Build.0 = Debug|Any CPU
		{49DD5D9E-0F70-4B21-934D-924E8C2863D3}.Ad-Hoc|ARM.Deploy.0 = Debug|Any CPU
		{49DD5D9E-0F70-4B21-934D-924E8C2863D3}.Ad-Hoc|iPhone.ActiveCfg = Debug|Any CPU
		{49DD5D9E-0F70-4B21-934D-924E8C2863D3}.Ad-Hoc|iPhone.Build.0 = Debug|Any CPU
		{49DD5D9E-0F70-4B21-934D-924E8C2863D3}.Ad-Hoc|iPhone.Deploy.0 = Debug|Any CPU
		{49DD5D9E-0F70-4B21-934D-924E8C2863D3}.Ad-Hoc|iPhoneSimulator.ActiveCfg = Debug|Any CPU
		{49DD5D9E-0F70-4B21-934D-924E8C2863D3}.Ad-Hoc|iPhoneSimulator.Build.0 = Debug|Any CPU
		{49DD5D9E-0F70-4B21-934D-924E8C2863D3}.Ad-Hoc|iPhoneSimulator.Deploy.0 = Debug|Any CPU
		{49DD5D9E-0F70-4B21-934D-924E8C2863D3}.Ad-Hoc|x64.ActiveCfg = Debug|Any CPU
		{49DD5D9E-0F70-4B21-934D-924E8C2863D3}.Ad-Hoc|x64.Build.0 = Debug|Any CPU
		{49DD5D9E-0F70-4B21-934D-924E8C2863D3}.Ad-Hoc|x64.Deploy.0 = Debug|Any CPU
		{49DD5D9E-0F70-4B21-934D-924E8C2863D3}.Ad-Hoc|x86.ActiveCfg = Debug|Any CPU
		{49DD5D9E-0F70-4B21-934D-924E8C2863D3}.Ad-Hoc|x86.Build.0 = Debug|Any CPU
		{49DD5D9E-0F70-4B21-934D-924E8C2863D3}.Ad-Hoc|x86.Deploy.0 = Debug|Any CPU
		{49DD5D9E-0F70-4B21-934D-924E8C2863D3}.AppStore|Any CPU.ActiveCfg = Debug|Any CPU
		{49DD5D9E-0F70-4B21-934D-924E8C2863D3}.AppStore|Any CPU.Build.0 = Debug|Any CPU
		{49DD5D9E-0F70-4B21-934D-924E8C2863D3}.AppStore|Any CPU.Deploy.0 = Debug|Any CPU
		{49DD5D9E-0F70-4B21-934D-924E8C2863D3}.AppStore|ARM.ActiveCfg = Debug|Any CPU
		{49DD5D9E-0F70-4B21-934D-924E8C2863D3}.AppStore|ARM.Build.0 = Debug|Any CPU
		{49DD5D9E-0F70-4B21-934D-924E8C2863D3}.AppStore|ARM.Deploy.0 = Debug|Any CPU
		{49DD5D9E-0F70-4B21-934D-924E8C2863D3}.AppStore|iPhone.ActiveCfg = Debug|Any CPU
		{49DD5D9E-0F70-4B21-934D-924E8C2863D3}.AppStore|iPhone.Build.0 = Debug|Any CPU
		{49DD5D9E-0F70-4B21-934D-924E8C2863D3}.AppStore|iPhone.Deploy.0 = Debug|Any CPU
		{49DD5D9E-0F70-4B21-934D-924E8C2863D3}.AppStore|iPhoneSimulator.ActiveCfg = Debug|Any CPU
		{49DD5D9E-0F70-4B21-934D-924E8C2863D3}.AppStore|iPhoneSimulator.Build.0 = Debug|Any CPU
		{49DD5D9E-0F70-4B21-934D-924E8C2863D3}.AppStore|iPhoneSimulator.Deploy.0 = Debug|Any CPU
		{49DD5D9E-0F70-4B21-934D-924E8C2863D3}.AppStore|x64.ActiveCfg = Debug|Any CPU
		{49DD5D9E-0F70-4B21-934D-924E8C2863D3}.AppStore|x64.Build.0 = Debug|Any CPU
		{49DD5D9E-0F70-4B21-934D-924E8C2863D3}.AppStore|x64.Deploy.0 = Debug|Any CPU
		{49DD5D9E-0F70-4B21-934D-924E8C2863D3}.AppStore|x86.ActiveCfg = Debug|Any CPU
		{49DD5D9E-0F70-4B21-934D-924E8C2863D3}.AppStore|x86.Build.0 = Debug|Any CPU
		{49DD5D9E-0F70-4B21-934D-924E8C2863D3}.AppStore|x86.Deploy.0 = Debug|Any CPU
		{49DD5D9E-0F70-4B21-934D-924E8C2863D3}.Debug|Any CPU.ActiveCfg = Debug|Any CPU
		{49DD5D9E-0F70-4B21-934D-924E8C2863D3}.Debug|Any CPU.Build.0 = Debug|Any CPU
		{49DD5D9E-0F70-4B21-934D-924E8C2863D3}.Debug|Any CPU.Deploy.0 = Debug|Any CPU
		{49DD5D9E-0F70-4B21-934D-924E8C2863D3}.Debug|ARM.ActiveCfg = Debug|Any CPU
		{49DD5D9E-0F70-4B21-934D-924E8C2863D3}.Debug|ARM.Build.0 = Debug|Any CPU
		{49DD5D9E-0F70-4B21-934D-924E8C2863D3}.Debug|ARM.Deploy.0 = Debug|Any CPU
		{49DD5D9E-0F70-4B21-934D-924E8C2863D3}.Debug|iPhone.ActiveCfg = Debug|Any CPU
		{49DD5D9E-0F70-4B21-934D-924E8C2863D3}.Debug|iPhone.Build.0 = Debug|Any CPU
		{49DD5D9E-0F70-4B21-934D-924E8C2863D3}.Debug|iPhone.Deploy.0 = Debug|Any CPU
		{49DD5D9E-0F70-4B21-934D-924E8C2863D3}.Debug|iPhoneSimulator.ActiveCfg = Debug|Any CPU
		{49DD5D9E-0F70-4B21-934D-924E8C2863D3}.Debug|iPhoneSimulator.Build.0 = Debug|Any CPU
		{49DD5D9E-0F70-4B21-934D-924E8C2863D3}.Debug|iPhoneSimulator.Deploy.0 = Debug|Any CPU
		{49DD5D9E-0F70-4B21-934D-924E8C2863D3}.Debug|x64.ActiveCfg = Debug|Any CPU
		{49DD5D9E-0F70-4B21-934D-924E8C2863D3}.Debug|x64.Build.0 = Debug|Any CPU
		{49DD5D9E-0F70-4B21-934D-924E8C2863D3}.Debug|x64.Deploy.0 = Debug|Any CPU
		{49DD5D9E-0F70-4B21-934D-924E8C2863D3}.Debug|x86.ActiveCfg = Debug|Any CPU
		{49DD5D9E-0F70-4B21-934D-924E8C2863D3}.Debug|x86.Build.0 = Debug|Any CPU
		{49DD5D9E-0F70-4B21-934D-924E8C2863D3}.Debug|x86.Deploy.0 = Debug|Any CPU
		{49DD5D9E-0F70-4B21-934D-924E8C2863D3}.Release|Any CPU.ActiveCfg = Release|Any CPU
		{49DD5D9E-0F70-4B21-934D-924E8C2863D3}.Release|Any CPU.Build.0 = Release|Any CPU
		{49DD5D9E-0F70-4B21-934D-924E8C2863D3}.Release|Any CPU.Deploy.0 = Release|Any CPU
		{49DD5D9E-0F70-4B21-934D-924E8C2863D3}.Release|ARM.ActiveCfg = Release|Any CPU
		{49DD5D9E-0F70-4B21-934D-924E8C2863D3}.Release|ARM.Build.0 = Release|Any CPU
		{49DD5D9E-0F70-4B21-934D-924E8C2863D3}.Release|ARM.Deploy.0 = Release|Any CPU
		{49DD5D9E-0F70-4B21-934D-924E8C2863D3}.Release|iPhone.ActiveCfg = Release|Any CPU
		{49DD5D9E-0F70-4B21-934D-924E8C2863D3}.Release|iPhone.Build.0 = Release|Any CPU
		{49DD5D9E-0F70-4B21-934D-924E8C2863D3}.Release|iPhone.Deploy.0 = Release|Any CPU
		{49DD5D9E-0F70-4B21-934D-924E8C2863D3}.Release|iPhoneSimulator.ActiveCfg = Release|Any CPU
		{49DD5D9E-0F70-4B21-934D-924E8C2863D3}.Release|iPhoneSimulator.Build.0 = Release|Any CPU
		{49DD5D9E-0F70-4B21-934D-924E8C2863D3}.Release|iPhoneSimulator.Deploy.0 = Release|Any CPU
		{49DD5D9E-0F70-4B21-934D-924E8C2863D3}.Release|x64.ActiveCfg = Release|Any CPU
		{49DD5D9E-0F70-4B21-934D-924E8C2863D3}.Release|x64.Build.0 = Release|Any CPU
		{49DD5D9E-0F70-4B21-934D-924E8C2863D3}.Release|x64.Deploy.0 = Release|Any CPU
		{49DD5D9E-0F70-4B21-934D-924E8C2863D3}.Release|x86.ActiveCfg = Release|Any CPU
		{49DD5D9E-0F70-4B21-934D-924E8C2863D3}.Release|x86.Build.0 = Release|Any CPU
		{49DD5D9E-0F70-4B21-934D-924E8C2863D3}.Release|x86.Deploy.0 = Release|Any CPU
	EndGlobalSection
	GlobalSection(SolutionProperties) = preSolution
		HideSolutionNode = FALSE
	EndGlobalSection
	GlobalSection(ExtensibilityGlobals) = postSolution
		SolutionGuid = {82B38BBF-94BB-42EB-B1F1-D9A26074E24B}
	EndGlobalSection
EndGlobal
